
Microsoft Visual Studio Solution File, Format Version 12.00
# Visual Studio Version 17
VisualStudioVersion = 17.2.32602.215
MinimumVisualStudioVersion = 10.0.40219.1
Project("{FAE04EC0-301F-11D3-BF4B-00C04F79EFBC}") = "JairoBrito", "JairoBrito\JairoBrito.csproj", "{C95C11B2-565E-46B7-AF2E-2AB4B9D7921F}"
EndProject
Global
	GlobalSection(SolutionConfigurationPlatforms) = preSolution
		Debug|Any CPU = Debug|Any CPU
		Release|Any CPU = Release|Any CPU
	EndGlobalSection
	GlobalSection(ProjectConfigurationPlatforms) = postSolution
		{C95C11B2-565E-46B7-AF2E-2AB4B9D7921F}.Debug|Any CPU.ActiveCfg = Debug|Any CPU
		{C95C11B2-565E-46B7-AF2E-2AB4B9D7921F}.Debug|Any CPU.Build.0 = Debug|Any CPU
		{C95C11B2-565E-46B7-AF2E-2AB4B9D7921F}.Release|Any CPU.ActiveCfg = Release|Any CPU
		{C95C11B2-565E-46B7-AF2E-2AB4B9D7921F}.Release|Any CPU.Build.0 = Release|Any CPU
	EndGlobalSection
	GlobalSection(SolutionProperties) = preSolution
		HideSolutionNode = FALSE
	EndGlobalSection
	GlobalSection(ExtensibilityGlobals) = postSolution
		SolutionGuid = {04EF4402-F796-4CF0-892D-D74CBD6DE3C6}
	EndGlobalSection
EndGlobal
